
Microsoft Visual Studio Solution File, Format Version 12.00
# Visual Studio Version 17
VisualStudioVersion = 17.13.35919.96 d17.13
MinimumVisualStudioVersion = 10.0.40219.1
Project("{FAE04EC0-301F-11D3-BF4B-00C04F79EFBC}") = "WGU.C986", "WGU.C986.csproj", "{1A125E5C-C44B-1B67-83BF-7CE1E61EB8DD}"
EndProject
Global
	GlobalSection(SolutionConfigurationPlatforms) = preSolution
		Debug|Any CPU = Debug|Any CPU
		Release|Any CPU = Release|Any CPU
	EndGlobalSection
	GlobalSection(ProjectConfigurationPlatforms) = postSolution
		{1A125E5C-C44B-1B67-83BF-7CE1E61EB8DD}.Debug|Any CPU.ActiveCfg = Debug|Any CPU
		{1A125E5C-C44B-1B67-83BF-7CE1E61EB8DD}.Debug|Any CPU.Build.0 = Debug|Any CPU
		{1A125E5C-C44B-1B67-83BF-7CE1E61EB8DD}.Release|Any CPU.ActiveCfg = Release|Any CPU
		{1A125E5C-C44B-1B67-83BF-7CE1E61EB8DD}.Release|Any CPU.Build.0 = Release|Any CPU
	EndGlobalSection
	GlobalSection(SolutionProperties) = preSolution
		HideSolutionNode = FALSE
	EndGlobalSection
	GlobalSection(ExtensibilityGlobals) = postSolution
		SolutionGuid = {A9365363-A14B-4464-B33A-D43FA2BB4DCF}
	EndGlobalSection
EndGlobal
